// !$*UTF8*$!
{
	archiveVersion = 1;
	classes = {
	};
	objectVersion = 50;
	objects = {

/* Begin PBXBuildFile section */
		F49B279425CBF2F200B56D48 /* AppDelegate.swift in Sources */ = {isa = PBXBuildFile; fileRef = F49B279325CBF2F200B56D48 /* AppDelegate.swift */; };
		F49B279D25CBF2F600B56D48 /* Assets.xcassets in Resources */ = {isa = PBXBuildFile; fileRef = F49B279C25CBF2F600B56D48 /* Assets.xcassets */; };
		F49B27A025CBF2F600B56D48 /* LaunchScreen.storyboard in Resources */ = {isa = PBXBuildFile; fileRef = F49B279E25CBF2F600B56D48 /* LaunchScreen.storyboard */; };
		F49B27BE25CBFAF400B56D48 /* ItemsListViewController.swift in Sources */ = {isa = PBXBuildFile; fileRef = F49B27BD25CBFAF400B56D48 /* ItemsListViewController.swift */; };
		F49B27C125CBFB1900B56D48 /* ItemViewController.swift in Sources */ = {isa = PBXBuildFile; fileRef = F49B27C025CBFB1900B56D48 /* ItemViewController.swift */; };
		F49B27C425CBFB2B00B56D48 /* Item.swift in Sources */ = {isa = PBXBuildFile; fileRef = F49B27C325CBFB2B00B56D48 /* Item.swift */; };
		F49B27C725CBFC0600B56D48 /* Category.swift in Sources */ = {isa = PBXBuildFile; fileRef = F49B27C625CBFC0600B56D48 /* Category.swift */; };
		F49B27CA25CBFC6200B56D48 /* ItemViewModel.swift in Sources */ = {isa = PBXBuildFile; fileRef = F49B27C925CBFC6200B56D48 /* ItemViewModel.swift */; };
		F49B27CD25CBFC6E00B56D48 /* ItemsListViewModel.swift in Sources */ = {isa = PBXBuildFile; fileRef = F49B27CC25CBFC6E00B56D48 /* ItemsListViewModel.swift */; };
		F49B27D025CBFF3400B56D48 /* ItemTableViewCell.swift in Sources */ = {isa = PBXBuildFile; fileRef = F49B27CF25CBFF3400B56D48 /* ItemTableViewCell.swift */; };
/* End PBXBuildFile section */

/* Begin PBXFileReference section */
		F49B279025CBF2F200B56D48 /* LeBonTest.app */ = {isa = PBXFileReference; explicitFileType = wrapper.application; includeInIndex = 0; path = LeBonTest.app; sourceTree = BUILT_PRODUCTS_DIR; };
		F49B279325CBF2F200B56D48 /* AppDelegate.swift */ = {isa = PBXFileReference; lastKnownFileType = sourcecode.swift; path = AppDelegate.swift; sourceTree = "<group>"; };
		F49B279C25CBF2F600B56D48 /* Assets.xcassets */ = {isa = PBXFileReference; lastKnownFileType = folder.assetcatalog; path = Assets.xcassets; sourceTree = "<group>"; };
		F49B279F25CBF2F600B56D48 /* Base */ = {isa = PBXFileReference; lastKnownFileType = file.storyboard; name = Base; path = Base.lproj/LaunchScreen.storyboard; sourceTree = "<group>"; };
		F49B27A125CBF2F600B56D48 /* Info.plist */ = {isa = PBXFileReference; lastKnownFileType = text.plist.xml; path = Info.plist; sourceTree = "<group>"; };
		F49B27BD25CBFAF400B56D48 /* ItemsListViewController.swift */ = {isa = PBXFileReference; lastKnownFileType = sourcecode.swift; path = ItemsListViewController.swift; sourceTree = "<group>"; };
		F49B27C025CBFB1900B56D48 /* ItemViewController.swift */ = {isa = PBXFileReference; lastKnownFileType = sourcecode.swift; path = ItemViewController.swift; sourceTree = "<group>"; };
		F49B27C325CBFB2B00B56D48 /* Item.swift */ = {isa = PBXFileReference; lastKnownFileType = sourcecode.swift; path = Item.swift; sourceTree = "<group>"; };
		F49B27C625CBFC0600B56D48 /* Category.swift */ = {isa = PBXFileReference; lastKnownFileType = sourcecode.swift; path = Category.swift; sourceTree = "<group>"; };
		F49B27C925CBFC6200B56D48 /* ItemViewModel.swift */ = {isa = PBXFileReference; lastKnownFileType = sourcecode.swift; path = ItemViewModel.swift; sourceTree = "<group>"; };
		F49B27CC25CBFC6E00B56D48 /* ItemsListViewModel.swift */ = {isa = PBXFileReference; lastKnownFileType = sourcecode.swift; path = ItemsListViewModel.swift; sourceTree = "<group>"; };
		F49B27CF25CBFF3400B56D48 /* ItemTableViewCell.swift */ = {isa = PBXFileReference; lastKnownFileType = sourcecode.swift; path = ItemTableViewCell.swift; sourceTree = "<group>"; };
/* End PBXFileReference section */

/* Begin PBXFrameworksBuildPhase section */
		F49B278D25CBF2F200B56D48 /* Frameworks */ = {
			isa = PBXFrameworksBuildPhase;
			buildActionMask = 2147483647;
			files = (
			);
			runOnlyForDeploymentPostprocessing = 0;
		};
/* End PBXFrameworksBuildPhase section */

/* Begin PBXGroup section */
		F49B278725CBF2F200B56D48 = {
			isa = PBXGroup;
			children = (
				F49B279225CBF2F200B56D48 /* LeBonTest */,
				F49B279125CBF2F200B56D48 /* Products */,
			);
			sourceTree = "<group>";
		};
		F49B279125CBF2F200B56D48 /* Products */ = {
			isa = PBXGroup;
			children = (
				F49B279025CBF2F200B56D48 /* LeBonTest.app */,
			);
			name = Products;
			sourceTree = "<group>";
		};
		F49B279225CBF2F200B56D48 /* LeBonTest */ = {
			isa = PBXGroup;
			children = (
				F49B279325CBF2F200B56D48 /* AppDelegate.swift */,
				F49B27B925CBF97000B56D48 /* Model */,
				F49B27BA25CBF97600B56D48 /* View */,
				F49B27BB25CBF99800B56D48 /* ViewModel */,
				F49B279C25CBF2F600B56D48 /* Assets.xcassets */,
				F49B279E25CBF2F600B56D48 /* LaunchScreen.storyboard */,
				F49B27A125CBF2F600B56D48 /* Info.plist */,
			);
			path = LeBonTest;
			sourceTree = "<group>";
		};
		F49B27B925CBF97000B56D48 /* Model */ = {
			isa = PBXGroup;
			children = (
				F49B27C325CBFB2B00B56D48 /* Item.swift */,
				F49B27C625CBFC0600B56D48 /* Category.swift */,
			);
			path = Model;
			sourceTree = "<group>";
		};
		F49B27BA25CBF97600B56D48 /* View */ = {
			isa = PBXGroup;
			children = (
				F49B27D325CBFF6600B56D48 /* Controller */,
				F49B27D425CBFF7400B56D48 /* Component */,
			);
			path = View;
			sourceTree = "<group>";
		};
		F49B27BB25CBF99800B56D48 /* ViewModel */ = {
			isa = PBXGroup;
			children = (
				F49B27CC25CBFC6E00B56D48 /* ItemsListViewModel.swift */,
				F49B27C925CBFC6200B56D48 /* ItemViewModel.swift */,
			);
			path = ViewModel;
			sourceTree = "<group>";
		};
		F49B27D325CBFF6600B56D48 /* Controller */ = {
			isa = PBXGroup;
			children = (
				F49B27BD25CBFAF400B56D48 /* ItemsListViewController.swift */,
				F49B27C025CBFB1900B56D48 /* ItemViewController.swift */,
			);
			path = Controller;
			sourceTree = "<group>";
		};
		F49B27D425CBFF7400B56D48 /* Component */ = {
			isa = PBXGroup;
			children = (
				F49B27CF25CBFF3400B56D48 /* ItemTableViewCell.swift */,
			);
			path = Component;
			sourceTree = "<group>";
		};
/* End PBXGroup section */

/* Begin PBXNativeTarget section */
		F49B278F25CBF2F200B56D48 /* LeBonTest */ = {
			isa = PBXNativeTarget;
			buildConfigurationList = F49B27A425CBF2F600B56D48 /* Build configuration list for PBXNativeTarget "LeBonTest" */;
			buildPhases = (
				F49B278C25CBF2F200B56D48 /* Sources */,
				F49B278D25CBF2F200B56D48 /* Frameworks */,
				F49B278E25CBF2F200B56D48 /* Resources */,
			);
			buildRules = (
			);
			dependencies = (
			);
			name = LeBonTest;
			productName = LeBonTest;
			productReference = F49B279025CBF2F200B56D48 /* LeBonTest.app */;
			productType = "com.apple.product-type.application";
		};
/* End PBXNativeTarget section */

/* Begin PBXProject section */
		F49B278825CBF2F200B56D48 /* Project object */ = {
			isa = PBXProject;
			attributes = {
				LastSwiftUpdateCheck = 1230;
				LastUpgradeCheck = 1230;
				TargetAttributes = {
					F49B278F25CBF2F200B56D48 = {
						CreatedOnToolsVersion = 12.3;
					};
				};
			};
			buildConfigurationList = F49B278B25CBF2F200B56D48 /* Build configuration list for PBXProject "LeBonTest" */;
			compatibilityVersion = "Xcode 9.3";
			developmentRegion = en;
			hasScannedForEncodings = 0;
			knownRegions = (
				en,
				Base,
			);
			mainGroup = F49B278725CBF2F200B56D48;
			productRefGroup = F49B279125CBF2F200B56D48 /* Products */;
			projectDirPath = "";
			projectRoot = "";
			targets = (
				F49B278F25CBF2F200B56D48 /* LeBonTest */,
			);
		};
/* End PBXProject section */

/* Begin PBXResourcesBuildPhase section */
		F49B278E25CBF2F200B56D48 /* Resources */ = {
			isa = PBXResourcesBuildPhase;
			buildActionMask = 2147483647;
			files = (
				F49B27A025CBF2F600B56D48 /* LaunchScreen.storyboard in Resources */,
				F49B279D25CBF2F600B56D48 /* Assets.xcassets in Resources */,
			);
			runOnlyForDeploymentPostprocessing = 0;
		};
/* End PBXResourcesBuildPhase section */

/* Begin PBXSourcesBuildPhase section */
		F49B278C25CBF2F200B56D48 /* Sources */ = {
			isa = PBXSourcesBuildPhase;
			buildActionMask = 2147483647;
			files = (
				F49B27C425CBFB2B00B56D48 /* Item.swift in Sources */,
				F49B27C725CBFC0600B56D48 /* Category.swift in Sources */,
				F49B279425CBF2F200B56D48 /* AppDelegate.swift in Sources */,
				F49B27BE25CBFAF400B56D48 /* ItemsListViewController.swift in Sources */,
				F49B27D025CBFF3400B56D48 /* ItemTableViewCell.swift in Sources */,
				F49B27CD25CBFC6E00B56D48 /* ItemsListViewModel.swift in Sources */,
				F49B27C125CBFB1900B56D48 /* ItemViewController.swift in Sources */,
				F49B27CA25CBFC6200B56D48 /* ItemViewModel.swift in Sources */,
			);
			runOnlyForDeploymentPostprocessing = 0;
		};
/* End PBXSourcesBuildPhase section */

/* Begin PBXVariantGroup section */
		F49B279E25CBF2F600B56D48 /* LaunchScreen.storyboard */ = {
			isa = PBXVariantGroup;
			children = (
				F49B279F25CBF2F600B56D48 /* Base */,
			);
			name = LaunchScreen.storyboard;
			sourceTree = "<group>";
		};
/* End PBXVariantGroup section */

/* Begin XCBuildConfiguration section */
		F49B27A225CBF2F600B56D48 /* Debug */ = {
			isa = XCBuildConfiguration;
			buildSettings = {
				ALWAYS_SEARCH_USER_PATHS = NO;
				CLANG_ANALYZER_NONNULL = YES;
				CLANG_ANALYZER_NUMBER_OBJECT_CONVERSION = YES_AGGRESSIVE;
				CLANG_CXX_LANGUAGE_STANDARD = "gnu++14";
				CLANG_CXX_LIBRARY = "libc++";
				CLANG_ENABLE_MODULES = YES;
				CLANG_ENABLE_OBJC_ARC = YES;
				CLANG_ENABLE_OBJC_WEAK = YES;
				CLANG_WARN_BLOCK_CAPTURE_AUTORELEASING = YES;
				CLANG_WARN_BOOL_CONVERSION = YES;
				CLANG_WARN_COMMA = YES;
				CLANG_WARN_CONSTANT_CONVERSION = YES;
				CLANG_WARN_DEPRECATED_OBJC_IMPLEMENTATIONS = YES;
				CLANG_WARN_DIRECT_OBJC_ISA_USAGE = YES_ERROR;
				CLANG_WARN_DOCUMENTATION_COMMENTS = YES;
				CLANG_WARN_EMPTY_BODY = YES;
				CLANG_WARN_ENUM_CONVERSION = YES;
				CLANG_WARN_INFINITE_RECURSION = YES;
				CLANG_WARN_INT_CONVERSION = YES;
				CLANG_WARN_NON_LITERAL_NULL_CONVERSION = YES;
				CLANG_WARN_OBJC_IMPLICIT_RETAIN_SELF = YES;
				CLANG_WARN_OBJC_LITERAL_CONVERSION = YES;
				CLANG_WARN_OBJC_ROOT_CLASS = YES_ERROR;
				CLANG_WARN_QUOTED_INCLUDE_IN_FRAMEWORK_HEADER = YES;
				CLANG_WARN_RANGE_LOOP_ANALYSIS = YES;
				CLANG_WARN_STRICT_PROTOTYPES = YES;
				CLANG_WARN_SUSPICIOUS_MOVE = YES;
				CLANG_WARN_UNGUARDED_AVAILABILITY = YES_AGGRESSIVE;
				CLANG_WARN_UNREACHABLE_CODE = YES;
				CLANG_WARN__DUPLICATE_METHOD_MATCH = YES;
				COPY_PHASE_STRIP = NO;
				DEBUG_INFORMATION_FORMAT = dwarf;
				ENABLE_STRICT_OBJC_MSGSEND = YES;
				ENABLE_TESTABILITY = YES;
				GCC_C_LANGUAGE_STANDARD = gnu11;
				GCC_DYNAMIC_NO_PIC = NO;
				GCC_NO_COMMON_BLOCKS = YES;
				GCC_OPTIMIZATION_LEVEL = 0;
				GCC_PREPROCESSOR_DEFINITIONS = (
					"DEBUG=1",
					"$(inherited)",
				);
				GCC_WARN_64_TO_32_BIT_CONVERSION = YES;
				GCC_WARN_ABOUT_RETURN_TYPE = YES_ERROR;
				GCC_WARN_UNDECLARED_SELECTOR = YES;
				GCC_WARN_UNINITIALIZED_AUTOS = YES_AGGRESSIVE;
				GCC_WARN_UNUSED_FUNCTION = YES;
				GCC_WARN_UNUSED_VARIABLE = YES;
				IPHONEOS_DEPLOYMENT_TARGET = 14.3;
				MTL_ENABLE_DEBUG_INFO = INCLUDE_SOURCE;
				MTL_FAST_MATH = YES;
				ONLY_ACTIVE_ARCH = YES;
				SDKROOT = iphoneos;
				SWIFT_ACTIVE_COMPILATION_CONDITIONS = DEBUG;
				SWIFT_OPTIMIZATION_LEVEL = "-Onone";
			};
			name = Debug;
		};
		F49B27A325CBF2F600B56D48 /* Release */ = {
			isa = XCBuildConfiguration;
			buildSettings = {
				ALWAYS_SEARCH_USER_PATHS = NO;
				CLANG_ANALYZER_NONNULL = YES;
				CLANG_ANALYZER_NUMBER_OBJECT_CONVERSION = YES_AGGRESSIVE;
				CLANG_CXX_LANGUAGE_STANDARD = "gnu++14";
				CLANG_CXX_LIBRARY = "libc++";
				CLANG_ENABLE_MODULES = YES;
				CLANG_ENABLE_OBJC_ARC = YES;
				CLANG_ENABLE_OBJC_WEAK = YES;
				CLANG_WARN_BLOCK_CAPTURE_AUTORELEASING = YES;
				CLANG_WARN_BOOL_CONVERSION = YES;
				CLANG_WARN_COMMA = YES;
				CLANG_WARN_CONSTANT_CONVERSION = YES;
				CLANG_WARN_DEPRECATED_OBJC_IMPLEMENTATIONS = YES;
				CLANG_WARN_DIRECT_OBJC_ISA_USAGE = YES_ERROR;
				CLANG_WARN_DOCUMENTATION_COMMENTS = YES;
				CLANG_WARN_EMPTY_BODY = YES;
				CLANG_WARN_ENUM_CONVERSION = YES;
				CLANG_WARN_INFINITE_RECURSION = YES;
				CLANG_WARN_INT_CONVERSION = YES;
				CLANG_WARN_NON_LITERAL_NULL_CONVERSION = YES;
				CLANG_WARN_OBJC_IMPLICIT_RETAIN_SELF = YES;
				CLANG_WARN_OBJC_LITERAL_CONVERSION = YES;
				CLANG_WARN_OBJC_ROOT_CLASS = YES_ERROR;
				CLANG_WARN_QUOTED_INCLUDE_IN_FRAMEWORK_HEADER = YES;
				CLANG_WARN_RANGE_LOOP_ANALYSIS = YES;
				CLANG_WARN_STRICT_PROTOTYPES = YES;
				CLANG_WARN_SUSPICIOUS_MOVE = YES;
				CLANG_WARN_UNGUARDED_AVAILABILITY = YES_AGGRESSIVE;
				CLANG_WARN_UNREACHABLE_CODE = YES;
				CLANG_WARN__DUPLICATE_METHOD_MATCH = YES;
				COPY_PHASE_STRIP = NO;
				DEBUG_INFORMATION_FORMAT = "dwarf-with-dsym";
				ENABLE_NS_ASSERTIONS = NO;
				ENABLE_STRICT_OBJC_MSGSEND = YES;
				GCC_C_LANGUAGE_STANDARD = gnu11;
				GCC_NO_COMMON_BLOCKS = YES;
				GCC_WARN_64_TO_32_BIT_CONVERSION = YES;
				GCC_WARN_ABOUT_RETURN_TYPE = YES_ERROR;
				GCC_WARN_UNDECLARED_SELECTOR = YES;
				GCC_WARN_UNINITIALIZED_AUTOS = YES_AGGRESSIVE;
				GCC_WARN_UNUSED_FUNCTION = YES;
				GCC_WARN_UNUSED_VARIABLE = YES;
				IPHONEOS_DEPLOYMENT_TARGET = 14.3;
				MTL_ENABLE_DEBUG_INFO = NO;
				MTL_FAST_MATH = YES;
				SDKROOT = iphoneos;
				SWIFT_COMPILATION_MODE = wholemodule;
				SWIFT_OPTIMIZATION_LEVEL = "-O";
				VALIDATE_PRODUCT = YES;
			};
			name = Release;
		};
		F49B27A525CBF2F600B56D48 /* Debug */ = {
			isa = XCBuildConfiguration;
			buildSettings = {
				ASSETCATALOG_COMPILER_APPICON_NAME = AppIcon;
				ASSETCATALOG_COMPILER_GLOBAL_ACCENT_COLOR_NAME = AccentColor;
				CODE_SIGN_STYLE = Automatic;
				DEVELOPMENT_TEAM = 2J52VZUHYB;
				INFOPLIST_FILE = LeBonTest/Info.plist;
				IPHONEOS_DEPLOYMENT_TARGET = 11.0;
				LD_RUNPATH_SEARCH_PATHS = (
					"$(inherited)",
					"@executable_path/Frameworks",
				);
				PRODUCT_BUNDLE_IDENTIFIER = stephane.azzopardi.LeBonTest;
				PRODUCT_NAME = "$(TARGET_NAME)";
				SWIFT_VERSION = 5.0;
				TARGETED_DEVICE_FAMILY = "1,2";
			};
			name = Debug;
		};
		F49B27A625CBF2F600B56D48 /* Release */ = {
			isa = XCBuildConfiguration;
			buildSettings = {
				ASSETCATALOG_COMPILER_APPICON_NAME = AppIcon;
				ASSETCATALOG_COMPILER_GLOBAL_ACCENT_COLOR_NAME = AccentColor;
				CODE_SIGN_STYLE = Automatic;
				DEVELOPMENT_TEAM = 2J52VZUHYB;
				INFOPLIST_FILE = LeBonTest/Info.plist;
				IPHONEOS_DEPLOYMENT_TARGET = 11.0;
				LD_RUNPATH_SEARCH_PATHS = (
					"$(inherited)",
					"@executable_path/Frameworks",
				);
				PRODUCT_BUNDLE_IDENTIFIER = stephane.azzopardi.LeBonTest;
				PRODUCT_NAME = "$(TARGET_NAME)";
				SWIFT_VERSION = 5.0;
				TARGETED_DEVICE_FAMILY = "1,2";
			};
			name = Release;
		};
/* End XCBuildConfiguration section */

/* Begin XCConfigurationList section */
		F49B278B25CBF2F200B56D48 /* Build configuration list for PBXProject "LeBonTest" */ = {
			isa = XCConfigurationList;
			buildConfigurations = (
				F49B27A225CBF2F600B56D48 /* Debug */,
				F49B27A325CBF2F600B56D48 /* Release */,
			);
			defaultConfigurationIsVisible = 0;
			defaultConfigurationName = Release;
		};
		F49B27A425CBF2F600B56D48 /* Build configuration list for PBXNativeTarget "LeBonTest" */ = {
			isa = XCConfigurationList;
			buildConfigurations = (
				F49B27A525CBF2F600B56D48 /* Debug */,
				F49B27A625CBF2F600B56D48 /* Release */,
			);
			defaultConfigurationIsVisible = 0;
			defaultConfigurationName = Release;
		};
/* End XCConfigurationList section */
	};
	rootObject = F49B278825CBF2F200B56D48 /* Project object */;
}
